
Microsoft Visual Studio Solution File, Format Version 12.00
# Visual Studio 15
VisualStudioVersion = 15.0.28010.2026
MinimumVisualStudioVersion = 10.0.40219.1
Project("{2150E333-8FDC-42A3-9474-1A3956D46DE8}") = "1 - Presentation", "1 - Presentation", "{C29E1152-D5A3-4CC4-BAFC-526534E795E2}"
EndProject
Project("{2150E333-8FDC-42A3-9474-1A3956D46DE8}") = "2 - Domain", "2 - Domain", "{495C826A-D0AE-410E-BED5-B7597298F648}"
EndProject
Project("{2150E333-8FDC-42A3-9474-1A3956D46DE8}") = "3 - Infrastructure", "3 - Infrastructure", "{AF8384BF-99E2-406C-9F48-A2573A1FF9E8}"
EndProject
Project("{9A19103F-16F7-4668-BE54-9A1E7A4F7556}") = "PDV.WebApi", "PDV.WebApi\PDV.WebApi.csproj", "{617D30E4-60E0-4536-B1B8-ABE1DF74A6C2}"
EndProject
Project("{9A19103F-16F7-4668-BE54-9A1E7A4F7556}") = "PDV.Domain.Entities", "PDV.Domain.Entities\PDV.Domain.Entities.csproj", "{3C90A752-88B1-4F5B-9927-486ADC840C06}"
EndProject
Project("{9A19103F-16F7-4668-BE54-9A1E7A4F7556}") = "PDV.Infra.Data", "PDV.Infra.Data\PDV.Infra.Data.csproj", "{92F8F4E5-F40C-4032-9E5F-F0C87528503A}"
EndProject
Project("{9A19103F-16F7-4668-BE54-9A1E7A4F7556}") = "PDV.Infra.CrossCutting", "PDV.Infra.CrossCutting\PDV.Infra.CrossCutting.csproj", "{3EFEF570-F149-4A8E-B6B4-63851804C0B2}"
EndProject
Project("{9A19103F-16F7-4668-BE54-9A1E7A4F7556}") = "PDV.Domain.Services", "PDV.Domain.Services\PDV.Domain.Services.csproj", "{1F3FB3FB-5F9F-4EDC-94F5-942DF9351CE3}"
EndProject
Project("{2150E333-8FDC-42A3-9474-1A3956D46DE8}") = "Test", "Test", "{265DDBFD-CE4A-4BA3-8C5A-38EFA1BC14B2}"
EndProject
Project("{9A19103F-16F7-4668-BE54-9A1E7A4F7556}") = "PDV.Domain.Interfaces", "PDV.Domain.Interfaces\PDV.Domain.Interfaces.csproj", "{0F120688-EE7F-4D9E-90A6-FF2F4B7FED58}"
EndProject
Project("{FAE04EC0-301F-11D3-BF4B-00C04F79EFBC}") = "PDV.Test", "PDV.Test\PDV.Test.csproj", "{7C0F41C6-BDBD-4F98-A094-3D28096B11AD}"
EndProject
Global
	GlobalSection(SolutionConfigurationPlatforms) = preSolution
		Debug|Any CPU = Debug|Any CPU
		Release|Any CPU = Release|Any CPU
	EndGlobalSection
	GlobalSection(ProjectConfigurationPlatforms) = postSolution
		{617D30E4-60E0-4536-B1B8-ABE1DF74A6C2}.Debug|Any CPU.ActiveCfg = Debug|Any CPU
		{617D30E4-60E0-4536-B1B8-ABE1DF74A6C2}.Debug|Any CPU.Build.0 = Debug|Any CPU
		{617D30E4-60E0-4536-B1B8-ABE1DF74A6C2}.Release|Any CPU.ActiveCfg = Release|Any CPU
		{617D30E4-60E0-4536-B1B8-ABE1DF74A6C2}.Release|Any CPU.Build.0 = Release|Any CPU
		{3C90A752-88B1-4F5B-9927-486ADC840C06}.Debug|Any CPU.ActiveCfg = Debug|Any CPU
		{3C90A752-88B1-4F5B-9927-486ADC840C06}.Debug|Any CPU.Build.0 = Debug|Any CPU
		{3C90A752-88B1-4F5B-9927-486ADC840C06}.Release|Any CPU.ActiveCfg = Release|Any CPU
		{3C90A752-88B1-4F5B-9927-486ADC840C06}.Release|Any CPU.Build.0 = Release|Any CPU
		{92F8F4E5-F40C-4032-9E5F-F0C87528503A}.Debug|Any CPU.ActiveCfg = Debug|Any CPU
		{92F8F4E5-F40C-4032-9E5F-F0C87528503A}.Debug|Any CPU.Build.0 = Debug|Any CPU
		{92F8F4E5-F40C-4032-9E5F-F0C87528503A}.Release|Any CPU.ActiveCfg = Release|Any CPU
		{92F8F4E5-F40C-4032-9E5F-F0C87528503A}.Release|Any CPU.Build.0 = Release|Any CPU
		{3EFEF570-F149-4A8E-B6B4-63851804C0B2}.Debug|Any CPU.ActiveCfg = Debug|Any CPU
		{3EFEF570-F149-4A8E-B6B4-63851804C0B2}.Debug|Any CPU.Build.0 = Debug|Any CPU
		{3EFEF570-F149-4A8E-B6B4-63851804C0B2}.Release|Any CPU.ActiveCfg = Release|Any CPU
		{3EFEF570-F149-4A8E-B6B4-63851804C0B2}.Release|Any CPU.Build.0 = Release|Any CPU
		{1F3FB3FB-5F9F-4EDC-94F5-942DF9351CE3}.Debug|Any CPU.ActiveCfg = Debug|Any CPU
		{1F3FB3FB-5F9F-4EDC-94F5-942DF9351CE3}.Debug|Any CPU.Build.0 = Debug|Any CPU
		{1F3FB3FB-5F9F-4EDC-94F5-942DF9351CE3}.Release|Any CPU.ActiveCfg = Release|Any CPU
		{1F3FB3FB-5F9F-4EDC-94F5-942DF9351CE3}.Release|Any CPU.Build.0 = Release|Any CPU
		{0F120688-EE7F-4D9E-90A6-FF2F4B7FED58}.Debug|Any CPU.ActiveCfg = Debug|Any CPU
		{0F120688-EE7F-4D9E-90A6-FF2F4B7FED58}.Debug|Any CPU.Build.0 = Debug|Any CPU
		{0F120688-EE7F-4D9E-90A6-FF2F4B7FED58}.Release|Any CPU.ActiveCfg = Release|Any CPU
		{0F120688-EE7F-4D9E-90A6-FF2F4B7FED58}.Release|Any CPU.Build.0 = Release|Any CPU
		{7C0F41C6-BDBD-4F98-A094-3D28096B11AD}.Debug|Any CPU.ActiveCfg = Debug|Any CPU
		{7C0F41C6-BDBD-4F98-A094-3D28096B11AD}.Debug|Any CPU.Build.0 = Debug|Any CPU
		{7C0F41C6-BDBD-4F98-A094-3D28096B11AD}.Release|Any CPU.ActiveCfg = Release|Any CPU
		{7C0F41C6-BDBD-4F98-A094-3D28096B11AD}.Release|Any CPU.Build.0 = Release|Any CPU
	EndGlobalSection
	GlobalSection(SolutionProperties) = preSolution
		HideSolutionNode = FALSE
	EndGlobalSection
	GlobalSection(NestedProjects) = preSolution
		{617D30E4-60E0-4536-B1B8-ABE1DF74A6C2} = {C29E1152-D5A3-4CC4-BAFC-526534E795E2}
		{3C90A752-88B1-4F5B-9927-486ADC840C06} = {495C826A-D0AE-410E-BED5-B7597298F648}
		{92F8F4E5-F40C-4032-9E5F-F0C87528503A} = {AF8384BF-99E2-406C-9F48-A2573A1FF9E8}
		{3EFEF570-F149-4A8E-B6B4-63851804C0B2} = {AF8384BF-99E2-406C-9F48-A2573A1FF9E8}
		{1F3FB3FB-5F9F-4EDC-94F5-942DF9351CE3} = {495C826A-D0AE-410E-BED5-B7597298F648}
		{0F120688-EE7F-4D9E-90A6-FF2F4B7FED58} = {495C826A-D0AE-410E-BED5-B7597298F648}
		{7C0F41C6-BDBD-4F98-A094-3D28096B11AD} = {265DDBFD-CE4A-4BA3-8C5A-38EFA1BC14B2}
	EndGlobalSection
	GlobalSection(ExtensibilityGlobals) = postSolution
		SolutionGuid = {C2EAEE7F-1512-46C0-BC71-664A51C661E4}
	EndGlobalSection
EndGlobal
